// !$*UTF8*$!
{
	archiveVersion = 1;
	classes = {
	};
	objectVersion = 56;
	objects = {

/* Begin PBXBuildFile section */
		3C564C812B3F311E008BC76C /* AppDelegate.swift in Sources */ = {isa = PBXBuildFile; fileRef = 3C564C802B3F311E008BC76C /* AppDelegate.swift */; };
		3C564C832B3F311E008BC76C /* ViewController.swift in Sources */ = {isa = PBXBuildFile; fileRef = 3C564C822B3F311E008BC76C /* ViewController.swift */; };
		3C564C852B3F3120008BC76C /* Assets.xcassets in Resources */ = {isa = PBXBuildFile; fileRef = 3C564C842B3F3120008BC76C /* Assets.xcassets */; };
		3C564C882B3F3120008BC76C /* Main.storyboard in Resources */ = {isa = PBXBuildFile; fileRef = 3C564C862B3F3120008BC76C /* Main.storyboard */; };
		3C564C932B3F3121008BC76C /* NP_RetailTests.swift in Sources */ = {isa = PBXBuildFile; fileRef = 3C564C922B3F3121008BC76C /* NP_RetailTests.swift */; };
		3C564C9D2B3F3121008BC76C /* NP_RetailUITests.swift in Sources */ = {isa = PBXBuildFile; fileRef = 3C564C9C2B3F3121008BC76C /* NP_RetailUITests.swift */; };
		3C564C9F2B3F3121008BC76C /* NP_RetailUITestsLaunchTests.swift in Sources */ = {isa = PBXBuildFile; fileRef = 3C564C9E2B3F3121008BC76C /* NP_RetailUITestsLaunchTests.swift */; };
/* End PBXBuildFile section */

/* Begin PBXContainerItemProxy section */
		3C564C8F2B3F3121008BC76C /* PBXContainerItemProxy */ = {
			isa = PBXContainerItemProxy;
			containerPortal = 3C564C752B3F311E008BC76C /* Project object */;
			proxyType = 1;
			remoteGlobalIDString = 3C564C7C2B3F311E008BC76C;
			remoteInfo = "NP Retail";
		};
		3C564C992B3F3121008BC76C /* PBXContainerItemProxy */ = {
			isa = PBXContainerItemProxy;
			containerPortal = 3C564C752B3F311E008BC76C /* Project object */;
			proxyType = 1;
			remoteGlobalIDString = 3C564C7C2B3F311E008BC76C;
			remoteInfo = "NP Retail";
		};
/* End PBXContainerItemProxy section */

/* Begin PBXFileReference section */
		3C564C7D2B3F311E008BC76C /* NP Retail.app */ = {isa = PBXFileReference; explicitFileType = wrapper.application; includeInIndex = 0; path = "NP Retail.app"; sourceTree = BUILT_PRODUCTS_DIR; };
		3C564C802B3F311E008BC76C /* AppDelegate.swift */ = {isa = PBXFileReference; lastKnownFileType = sourcecode.swift; path = AppDelegate.swift; sourceTree = "<group>"; };
		3C564C822B3F311E008BC76C /* ViewController.swift */ = {isa = PBXFileReference; lastKnownFileType = sourcecode.swift; path = ViewController.swift; sourceTree = "<group>"; };
		3C564C842B3F3120008BC76C /* Assets.xcassets */ = {isa = PBXFileReference; lastKnownFileType = folder.assetcatalog; path = Assets.xcassets; sourceTree = "<group>"; };
		3C564C872B3F3120008BC76C /* Base */ = {isa = PBXFileReference; lastKnownFileType = file.storyboard; name = Base; path = Base.lproj/Main.storyboard; sourceTree = "<group>"; };
		3C564C892B3F3120008BC76C /* NP_Retail.entitlements */ = {isa = PBXFileReference; lastKnownFileType = text.plist.entitlements; path = NP_Retail.entitlements; sourceTree = "<group>"; };
		3C564C8E2B3F3121008BC76C /* NP RetailTests.xctest */ = {isa = PBXFileReference; explicitFileType = wrapper.cfbundle; includeInIndex = 0; path = "NP RetailTests.xctest"; sourceTree = BUILT_PRODUCTS_DIR; };
		3C564C922B3F3121008BC76C /* NP_RetailTests.swift */ = {isa = PBXFileReference; lastKnownFileType = sourcecode.swift; path = NP_RetailTests.swift; sourceTree = "<group>"; };
		3C564C982B3F3121008BC76C /* NP RetailUITests.xctest */ = {isa = PBXFileReference; explicitFileType = wrapper.cfbundle; includeInIndex = 0; path = "NP RetailUITests.xctest"; sourceTree = BUILT_PRODUCTS_DIR; };
		3C564C9C2B3F3121008BC76C /* NP_RetailUITests.swift */ = {isa = PBXFileReference; lastKnownFileType = sourcecode.swift; path = NP_RetailUITests.swift; sourceTree = "<group>"; };
		3C564C9E2B3F3121008BC76C /* NP_RetailUITestsLaunchTests.swift */ = {isa = PBXFileReference; lastKnownFileType = sourcecode.swift; path = NP_RetailUITestsLaunchTests.swift; sourceTree = "<group>"; };
/* End PBXFileReference section */

/* Begin PBXFrameworksBuildPhase section */
		3C564C7A2B3F311E008BC76C /* Frameworks */ = {
			isa = PBXFrameworksBuildPhase;
			buildActionMask = 2147483647;
			files = (
			);
			runOnlyForDeploymentPostprocessing = 0;
		};
		3C564C8B2B3F3121008BC76C /* Frameworks */ = {
			isa = PBXFrameworksBuildPhase;
			buildActionMask = 2147483647;
			files = (
			);
			runOnlyForDeploymentPostprocessing = 0;
		};
		3C564C952B3F3121008BC76C /* Frameworks */ = {
			isa = PBXFrameworksBuildPhase;
			buildActionMask = 2147483647;
			files = (
			);
			runOnlyForDeploymentPostprocessing = 0;
		};
/* End PBXFrameworksBuildPhase section */

/* Begin PBXGroup section */
		3C564C742B3F311E008BC76C = {
			isa = PBXGroup;
			children = (
				3C564C7F2B3F311E008BC76C /* NP Retail */,
				3C564C912B3F3121008BC76C /* NP RetailTests */,
				3C564C9B2B3F3121008BC76C /* NP RetailUITests */,
				3C564C7E2B3F311E008BC76C /* Products */,
			);
			sourceTree = "<group>";
		};
		3C564C7E2B3F311E008BC76C /* Products */ = {
			isa = PBXGroup;
			children = (
				3C564C7D2B3F311E008BC76C /* NP Retail.app */,
				3C564C8E2B3F3121008BC76C /* NP RetailTests.xctest */,
				3C564C982B3F3121008BC76C /* NP RetailUITests.xctest */,
			);
			name = Products;
			sourceTree = "<group>";
		};
		3C564C7F2B3F311E008BC76C /* NP Retail */ = {
			isa = PBXGroup;
			children = (
				3C564C802B3F311E008BC76C /* AppDelegate.swift */,
				3C564C822B3F311E008BC76C /* ViewController.swift */,
				3C564C842B3F3120008BC76C /* Assets.xcassets */,
				3C564C862B3F3120008BC76C /* Main.storyboard */,
				3C564C892B3F3120008BC76C /* NP_Retail.entitlements */,
			);
			path = "NP Retail";
			sourceTree = "<group>";
		};
		3C564C912B3F3121008BC76C /* NP RetailTests */ = {
			isa = PBXGroup;
			children = (
				3C564C922B3F3121008BC76C /* NP_RetailTests.swift */,
			);
			path = "NP RetailTests";
			sourceTree = "<group>";
		};
		3C564C9B2B3F3121008BC76C /* NP RetailUITests */ = {
			isa = PBXGroup;
			children = (
				3C564C9C2B3F3121008BC76C /* NP_RetailUITests.swift */,
				3C564C9E2B3F3121008BC76C /* NP_RetailUITestsLaunchTests.swift */,
			);
			path = "NP RetailUITests";
			sourceTree = "<group>";
		};
/* End PBXGroup section */

/* Begin PBXNativeTarget section */
		3C564C7C2B3F311E008BC76C /* NP Retail */ = {
			isa = PBXNativeTarget;
			buildConfigurationList = 3C564CA22B3F3121008BC76C /* Build configuration list for PBXNativeTarget "NP Retail" */;
			buildPhases = (
				3C564C792B3F311E008BC76C /* Sources */,
				3C564C7A2B3F311E008BC76C /* Frameworks */,
				3C564C7B2B3F311E008BC76C /* Resources */,
			);
			buildRules = (
			);
			dependencies = (
			);
			name = "NP Retail";
			productName = "NP Retail";
			productReference = 3C564C7D2B3F311E008BC76C /* NP Retail.app */;
			productType = "com.apple.product-type.application";
		};
		3C564C8D2B3F3121008BC76C /* NP RetailTests */ = {
			isa = PBXNativeTarget;
			buildConfigurationList = 3C564CA52B3F3121008BC76C /* Build configuration list for PBXNativeTarget "NP RetailTests" */;
			buildPhases = (
				3C564C8A2B3F3121008BC76C /* Sources */,
				3C564C8B2B3F3121008BC76C /* Frameworks */,
				3C564C8C2B3F3121008BC76C /* Resources */,
			);
			buildRules = (
			);
			dependencies = (
				3C564C902B3F3121008BC76C /* PBXTargetDependency */,
			);
			name = "NP RetailTests";
			productName = "NP RetailTests";
			productReference = 3C564C8E2B3F3121008BC76C /* NP RetailTests.xctest */;
			productType = "com.apple.product-type.bundle.unit-test";
		};
		3C564C972B3F3121008BC76C /* NP RetailUITests */ = {
			isa = PBXNativeTarget;
			buildConfigurationList = 3C564CA82B3F3121008BC76C /* Build configuration list for PBXNativeTarget "NP RetailUITests" */;
			buildPhases = (
				3C564C942B3F3121008BC76C /* Sources */,
				3C564C952B3F3121008BC76C /* Frameworks */,
				3C564C962B3F3121008BC76C /* Resources */,
			);
			buildRules = (
			);
			dependencies = (
				3C564C9A2B3F3121008BC76C /* PBXTargetDependency */,
			);
			name = "NP RetailUITests";
			productName = "NP RetailUITests";
			productReference = 3C564C982B3F3121008BC76C /* NP RetailUITests.xctest */;
			productType = "com.apple.product-type.bundle.ui-testing";
		};
/* End PBXNativeTarget section */

/* Begin PBXProject section */
		3C564C752B3F311E008BC76C /* Project object */ = {
			isa = PBXProject;
			attributes = {
				BuildIndependentTargetsInParallel = 1;
				LastSwiftUpdateCheck = 1510;
				LastUpgradeCheck = 1510;
				TargetAttributes = {
					3C564C7C2B3F311E008BC76C = {
						CreatedOnToolsVersion = 15.1;
					};
					3C564C8D2B3F3121008BC76C = {
						CreatedOnToolsVersion = 15.1;
						TestTargetID = 3C564C7C2B3F311E008BC76C;
					};
					3C564C972B3F3121008BC76C = {
						CreatedOnToolsVersion = 15.1;
						TestTargetID = 3C564C7C2B3F311E008BC76C;
					};
				};
			};
			buildConfigurationList = 3C564C782B3F311E008BC76C /* Build configuration list for PBXProject "NP Retail" */;
			compatibilityVersion = "Xcode 14.0";
			developmentRegion = en;
			hasScannedForEncodings = 0;
			knownRegions = (
				en,
				Base,
			);
			mainGroup = 3C564C742B3F311E008BC76C;
			productRefGroup = 3C564C7E2B3F311E008BC76C /* Products */;
			projectDirPath = "";
			projectRoot = "";
			targets = (
				3C564C7C2B3F311E008BC76C /* NP Retail */,
				3C564C8D2B3F3121008BC76C /* NP RetailTests */,
				3C564C972B3F3121008BC76C /* NP RetailUITests */,
			);
		};
/* End PBXProject section */

/* Begin PBXResourcesBuildPhase section */
		3C564C7B2B3F311E008BC76C /* Resources */ = {
			isa = PBXResourcesBuildPhase;
			buildActionMask = 2147483647;
			files = (
				3C564C852B3F3120008BC76C /* Assets.xcassets in Resources */,
				3C564C882B3F3120008BC76C /* Main.storyboard in Resources */,
			);
			runOnlyForDeploymentPostprocessing = 0;
		};
		3C564C8C2B3F3121008BC76C /* Resources */ = {
			isa = PBXResourcesBuildPhase;
			buildActionMask = 2147483647;
			files = (
			);
			runOnlyForDeploymentPostprocessing = 0;
		};
		3C564C962B3F3121008BC76C /* Resources */ = {
			isa = PBXResourcesBuildPhase;
			buildActionMask = 2147483647;
			files = (
			);
			runOnlyForDeploymentPostprocessing = 0;
		};
/* End PBXResourcesBuildPhase section */

/* Begin PBXSourcesBuildPhase section */
		3C564C792B3F311E008BC76C /* Sources */ = {
			isa = PBXSourcesBuildPhase;
			buildActionMask = 2147483647;
			files = (
				3C564C832B3F311E008BC76C /* ViewController.swift in Sources */,
				3C564C812B3F311E008BC76C /* AppDelegate.swift in Sources */,
			);
			runOnlyForDeploymentPostprocessing = 0;
		};
		3C564C8A2B3F3121008BC76C /* Sources */ = {
			isa = PBXSourcesBuildPhase;
			buildActionMask = 2147483647;
			files = (
				3C564C932B3F3121008BC76C /* NP_RetailTests.swift in Sources */,
			);
			runOnlyForDeploymentPostprocessing = 0;
		};
		3C564C942B3F3121008BC76C /* Sources */ = {
			isa = PBXSourcesBuildPhase;
			buildActionMask = 2147483647;
			files = (
				3C564C9D2B3F3121008BC76C /* NP_RetailUITests.swift in Sources */,
				3C564C9F2B3F3121008BC76C /* NP_RetailUITestsLaunchTests.swift in Sources */,
			);
			runOnlyForDeploymentPostprocessing = 0;
		};
/* End PBXSourcesBuildPhase section */

/* Begin PBXTargetDependency section */
		3C564C902B3F3121008BC76C /* PBXTargetDependency */ = {
			isa = PBXTargetDependency;
			target = 3C564C7C2B3F311E008BC76C /* NP Retail */;
			targetProxy = 3C564C8F2B3F3121008BC76C /* PBXContainerItemProxy */;
		};
		3C564C9A2B3F3121008BC76C /* PBXTargetDependency */ = {
			isa = PBXTargetDependency;
			target = 3C564C7C2B3F311E008BC76C /* NP Retail */;
			targetProxy = 3C564C992B3F3121008BC76C /* PBXContainerItemProxy */;
		};
/* End PBXTargetDependency section */

/* Begin PBXVariantGroup section */
		3C564C862B3F3120008BC76C /* Main.storyboard */ = {
			isa = PBXVariantGroup;
			children = (
				3C564C872B3F3120008BC76C /* Base */,
			);
			name = Main.storyboard;
			sourceTree = "<group>";
		};
/* End PBXVariantGroup section */

/* Begin XCBuildConfiguration section */
		3C564CA02B3F3121008BC76C /* Debug */ = {
			isa = XCBuildConfiguration;
			buildSettings = {
				ALWAYS_SEARCH_USER_PATHS = NO;
				ASSETCATALOG_COMPILER_GENERATE_SWIFT_ASSET_SYMBOL_EXTENSIONS = YES;
				CLANG_ANALYZER_NONNULL = YES;
				CLANG_ANALYZER_NUMBER_OBJECT_CONVERSION = YES_AGGRESSIVE;
				CLANG_CXX_LANGUAGE_STANDARD = "gnu++20";
				CLANG_ENABLE_MODULES = YES;
				CLANG_ENABLE_OBJC_ARC = YES;
				CLANG_ENABLE_OBJC_WEAK = YES;
				CLANG_WARN_BLOCK_CAPTURE_AUTORELEASING = YES;
				CLANG_WARN_BOOL_CONVERSION = YES;
				CLANG_WARN_COMMA = YES;
				CLANG_WARN_CONSTANT_CONVERSION = YES;
				CLANG_WARN_DEPRECATED_OBJC_IMPLEMENTATIONS = YES;
				CLANG_WARN_DIRECT_OBJC_ISA_USAGE = YES_ERROR;
				CLANG_WARN_DOCUMENTATION_COMMENTS = YES;
				CLANG_WARN_EMPTY_BODY = YES;
				CLANG_WARN_ENUM_CONVERSION = YES;
				CLANG_WARN_INFINITE_RECURSION = YES;
				CLANG_WARN_INT_CONVERSION = YES;
				CLANG_WARN_NON_LITERAL_NULL_CONVERSION = YES;
				CLANG_WARN_OBJC_IMPLICIT_RETAIN_SELF = YES;
				CLANG_WARN_OBJC_LITERAL_CONVERSION = YES;
				CLANG_WARN_OBJC_ROOT_CLASS = YES_ERROR;
				CLANG_WARN_QUOTED_INCLUDE_IN_FRAMEWORK_HEADER = YES;
				CLANG_WARN_RANGE_LOOP_ANALYSIS = YES;
				CLANG_WARN_STRICT_PROTOTYPES = YES;
				CLANG_WARN_SUSPICIOUS_MOVE = YES;
				CLANG_WARN_UNGUARDED_AVAILABILITY = YES_AGGRESSIVE;
				CLANG_WARN_UNREACHABLE_CODE = YES;
				CLANG_WARN__DUPLICATE_METHOD_MATCH = YES;
				COPY_PHASE_STRIP = NO;
				DEBUG_INFORMATION_FORMAT = dwarf;
				ENABLE_STRICT_OBJC_MSGSEND = YES;
				ENABLE_TESTABILITY = YES;
				ENABLE_USER_SCRIPT_SANDBOXING = YES;
				GCC_C_LANGUAGE_STANDARD = gnu17;
				GCC_DYNAMIC_NO_PIC = NO;
				GCC_NO_COMMON_BLOCKS = YES;
				GCC_OPTIMIZATION_LEVEL = 0;
				GCC_PREPROCESSOR_DEFINITIONS = (
					"DEBUG=1",
					"$(inherited)",
				);
				GCC_WARN_64_TO_32_BIT_CONVERSION = YES;
				GCC_WARN_ABOUT_RETURN_TYPE = YES_ERROR;
				GCC_WARN_UNDECLARED_SELECTOR = YES;
				GCC_WARN_UNINITIALIZED_AUTOS = YES_AGGRESSIVE;
				GCC_WARN_UNUSED_FUNCTION = YES;
				GCC_WARN_UNUSED_VARIABLE = YES;
				LOCALIZATION_PREFERS_STRING_CATALOGS = YES;
				MACOSX_DEPLOYMENT_TARGET = 14.2;
				MTL_ENABLE_DEBUG_INFO = INCLUDE_SOURCE;
				MTL_FAST_MATH = YES;
				ONLY_ACTIVE_ARCH = YES;
				SDKROOT = macosx;
				SWIFT_ACTIVE_COMPILATION_CONDITIONS = "DEBUG $(inherited)";
				SWIFT_OPTIMIZATION_LEVEL = "-Onone";
			};
			name = Debug;
		};
		3C564CA12B3F3121008BC76C /* Release */ = {
			isa = XCBuildConfiguration;
			buildSettings = {
				ALWAYS_SEARCH_USER_PATHS = NO;
				ASSETCATALOG_COMPILER_GENERATE_SWIFT_ASSET_SYMBOL_EXTENSIONS = YES;
				CLANG_ANALYZER_NONNULL = YES;
				CLANG_ANALYZER_NUMBER_OBJECT_CONVERSION = YES_AGGRESSIVE;
				CLANG_CXX_LANGUAGE_STANDARD = "gnu++20";
				CLANG_ENABLE_MODULES = YES;
				CLANG_ENABLE_OBJC_ARC = YES;
				CLANG_ENABLE_OBJC_WEAK = YES;
				CLANG_WARN_BLOCK_CAPTURE_AUTORELEASING = YES;
				CLANG_WARN_BOOL_CONVERSION = YES;
				CLANG_WARN_COMMA = YES;
				CLANG_WARN_CONSTANT_CONVERSION = YES;
				CLANG_WARN_DEPRECATED_OBJC_IMPLEMENTATIONS = YES;
				CLANG_WARN_DIRECT_OBJC_ISA_USAGE = YES_ERROR;
				CLANG_WARN_DOCUMENTATION_COMMENTS = YES;
				CLANG_WARN_EMPTY_BODY = YES;
				CLANG_WARN_ENUM_CONVERSION = YES;
				CLANG_WARN_INFINITE_RECURSION = YES;
				CLANG_WARN_INT_CONVERSION = YES;
				CLANG_WARN_NON_LITERAL_NULL_CONVERSION = YES;
				CLANG_WARN_OBJC_IMPLICIT_RETAIN_SELF = YES;
				CLANG_WARN_OBJC_LITERAL_CONVERSION = YES;
				CLANG_WARN_OBJC_ROOT_CLASS = YES_ERROR;
				CLANG_WARN_QUOTED_INCLUDE_IN_FRAMEWORK_HEADER = YES;
				CLANG_WARN_RANGE_LOOP_ANALYSIS = YES;
				CLANG_WARN_STRICT_PROTOTYPES = YES;
				CLANG_WARN_SUSPICIOUS_MOVE = YES;
				CLANG_WARN_UNGUARDED_AVAILABILITY = YES_AGGRESSIVE;
				CLANG_WARN_UNREACHABLE_CODE = YES;
				CLANG_WARN__DUPLICATE_METHOD_MATCH = YES;
				COPY_PHASE_STRIP = NO;
				DEBUG_INFORMATION_FORMAT = "dwarf-with-dsym";
				ENABLE_NS_ASSERTIONS = NO;
				ENABLE_STRICT_OBJC_MSGSEND = YES;
				ENABLE_USER_SCRIPT_SANDBOXING = YES;
				GCC_C_LANGUAGE_STANDARD = gnu17;
				GCC_NO_COMMON_BLOCKS = YES;
				GCC_WARN_64_TO_32_BIT_CONVERSION = YES;
				GCC_WARN_ABOUT_RETURN_TYPE = YES_ERROR;
				GCC_WARN_UNDECLARED_SELECTOR = YES;
				GCC_WARN_UNINITIALIZED_AUTOS = YES_AGGRESSIVE;
				GCC_WARN_UNUSED_FUNCTION = YES;
				GCC_WARN_UNUSED_VARIABLE = YES;
				LOCALIZATION_PREFERS_STRING_CATALOGS = YES;
				MACOSX_DEPLOYMENT_TARGET = 14.2;
				MTL_ENABLE_DEBUG_INFO = NO;
				MTL_FAST_MATH = YES;
				SDKROOT = macosx;
				SWIFT_COMPILATION_MODE = wholemodule;
			};
			name = Release;
		};
		3C564CA32B3F3121008BC76C /* Debug */ = {
			isa = XCBuildConfiguration;
			buildSettings = {
				ASSETCATALOG_COMPILER_APPICON_NAME = AppIcon;
				ASSETCATALOG_COMPILER_GLOBAL_ACCENT_COLOR_NAME = AccentColor;
				CODE_SIGN_ENTITLEMENTS = "NP Retail/NP_Retail.entitlements";
				CODE_SIGN_STYLE = Automatic;
				COMBINE_HIDPI_IMAGES = YES;
				CURRENT_PROJECT_VERSION = 1;
				GENERATE_INFOPLIST_FILE = YES;
				INFOPLIST_KEY_NSHumanReadableCopyright = "";
				INFOPLIST_KEY_NSMainStoryboardFile = Main;
				INFOPLIST_KEY_NSPrincipalClass = NSApplication;
				LD_RUNPATH_SEARCH_PATHS = (
					"$(inherited)",
					"@executable_path/../Frameworks",
				);
				MARKETING_VERSION = 1.0;
				PRODUCT_BUNDLE_IDENTIFIER = "Naturepedic.NP-Retail";
				PRODUCT_NAME = "$(TARGET_NAME)";
				SWIFT_EMIT_LOC_STRINGS = YES;
				SWIFT_VERSION = 5.0;
			};
			name = Debug;
		};
		3C564CA42B3F3121008BC76C /* Release */ = {
			isa = XCBuildConfiguration;
			buildSettings = {
				ASSETCATALOG_COMPILER_APPICON_NAME = AppIcon;
				ASSETCATALOG_COMPILER_GLOBAL_ACCENT_COLOR_NAME = AccentColor;
				CODE_SIGN_ENTITLEMENTS = "NP Retail/NP_Retail.entitlements";
				CODE_SIGN_STYLE = Automatic;
				COMBINE_HIDPI_IMAGES = YES;
				CURRENT_PROJECT_VERSION = 1;
				GENERATE_INFOPLIST_FILE = YES;
				INFOPLIST_KEY_NSHumanReadableCopyright = "";
				INFOPLIST_KEY_NSMainStoryboardFile = Main;
				INFOPLIST_KEY_NSPrincipalClass = NSApplication;
				LD_RUNPATH_SEARCH_PATHS = (
					"$(inherited)",
					"@executable_path/../Frameworks",
				);
				MARKETING_VERSION = 1.0;
				PRODUCT_BUNDLE_IDENTIFIER = "Naturepedic.NP-Retail";
				PRODUCT_NAME = "$(TARGET_NAME)";
				SWIFT_EMIT_LOC_STRINGS = YES;
				SWIFT_VERSION = 5.0;
			};
			name = Release;
		};
		3C564CA62B3F3121008BC76C /* Debug */ = {
			isa = XCBuildConfiguration;
			buildSettings = {
				ALWAYS_EMBED_SWIFT_STANDARD_LIBRARIES = YES;
				BUNDLE_LOADER = "$(TEST_HOST)";
				CODE_SIGN_STYLE = Automatic;
				CURRENT_PROJECT_VERSION = 1;
				GENERATE_INFOPLIST_FILE = YES;
				MACOSX_DEPLOYMENT_TARGET = 14.2;
				MARKETING_VERSION = 1.0;
				PRODUCT_BUNDLE_IDENTIFIER = "Naturepedic.NP-RetailTests";
				PRODUCT_NAME = "$(TARGET_NAME)";
				SWIFT_EMIT_LOC_STRINGS = NO;
				SWIFT_VERSION = 5.0;
				TEST_HOST = "$(BUILT_PRODUCTS_DIR)/NP Retail.app/$(BUNDLE_EXECUTABLE_FOLDER_PATH)/NP Retail";
			};
			name = Debug;
		};
		3C564CA72B3F3121008BC76C /* Release */ = {
			isa = XCBuildConfiguration;
			buildSettings = {
				ALWAYS_EMBED_SWIFT_STANDARD_LIBRARIES = YES;
				BUNDLE_LOADER = "$(TEST_HOST)";
				CODE_SIGN_STYLE = Automatic;
				CURRENT_PROJECT_VERSION = 1;
				GENERATE_INFOPLIST_FILE = YES;
				MACOSX_DEPLOYMENT_TARGET = 14.2;
				MARKETING_VERSION = 1.0;
				PRODUCT_BUNDLE_IDENTIFIER = "Naturepedic.NP-RetailTests";
				PRODUCT_NAME = "$(TARGET_NAME)";
				SWIFT_EMIT_LOC_STRINGS = NO;
				SWIFT_VERSION = 5.0;
				TEST_HOST = "$(BUILT_PRODUCTS_DIR)/NP Retail.app/$(BUNDLE_EXECUTABLE_FOLDER_PATH)/NP Retail";
			};
			name = Release;
		};
		3C564CA92B3F3121008BC76C /* Debug */ = {
			isa = XCBuildConfiguration;
			buildSettings = {
				ALWAYS_EMBED_SWIFT_STANDARD_LIBRARIES = YES;
				CODE_SIGN_STYLE = Automatic;
				CURRENT_PROJECT_VERSION = 1;
				GENERATE_INFOPLIST_FILE = YES;
				MARKETING_VERSION = 1.0;
				PRODUCT_BUNDLE_IDENTIFIER = "Naturepedic.NP-RetailUITests";
				PRODUCT_NAME = "$(TARGET_NAME)";
				SWIFT_EMIT_LOC_STRINGS = NO;
				SWIFT_VERSION = 5.0;
				TEST_TARGET_NAME = "NP Retail";
			};
			name = Debug;
		};
		3C564CAA2B3F3121008BC76C /* Release */ = {
			isa = XCBuildConfiguration;
			buildSettings = {
				ALWAYS_EMBED_SWIFT_STANDARD_LIBRARIES = YES;
				CODE_SIGN_STYLE = Automatic;
				CURRENT_PROJECT_VERSION = 1;
				GENERATE_INFOPLIST_FILE = YES;
				MARKETING_VERSION = 1.0;
				PRODUCT_BUNDLE_IDENTIFIER = "Naturepedic.NP-RetailUITests";
				PRODUCT_NAME = "$(TARGET_NAME)";
				SWIFT_EMIT_LOC_STRINGS = NO;
				SWIFT_VERSION = 5.0;
				TEST_TARGET_NAME = "NP Retail";
			};
			name = Release;
		};
/* End XCBuildConfiguration section */

/* Begin XCConfigurationList section */
		3C564C782B3F311E008BC76C /* Build configuration list for PBXProject "NP Retail" */ = {
			isa = XCConfigurationList;
			buildConfigurations = (
				3C564CA02B3F3121008BC76C /* Debug */,
				3C564CA12B3F3121008BC76C /* Release */,
			);
			defaultConfigurationIsVisible = 0;
			defaultConfigurationName = Release;
		};
		3C564CA22B3F3121008BC76C /* Build configuration list for PBXNativeTarget "NP Retail" */ = {
			isa = XCConfigurationList;
			buildConfigurations = (
				3C564CA32B3F3121008BC76C /* Debug */,
				3C564CA42B3F3121008BC76C /* Release */,
			);
			defaultConfigurationIsVisible = 0;
			defaultConfigurationName = Release;
		};
		3C564CA52B3F3121008BC76C /* Build configuration list for PBXNativeTarget "NP RetailTests" */ = {
			isa = XCConfigurationList;
			buildConfigurations = (
				3C564CA62B3F3121008BC76C /* Debug */,
				3C564CA72B3F3121008BC76C /* Release */,
			);
			defaultConfigurationIsVisible = 0;
			defaultConfigurationName = Release;
		};
		3C564CA82B3F3121008BC76C /* Build configuration list for PBXNativeTarget "NP RetailUITests" */ = {
			isa = XCConfigurationList;
			buildConfigurations = (
				3C564CA92B3F3121008BC76C /* Debug */,
				3C564CAA2B3F3121008BC76C /* Release */,
			);
			defaultConfigurationIsVisible = 0;
			defaultConfigurationName = Release;
		};
/* End XCConfigurationList section */
	};
	rootObject = 3C564C752B3F311E008BC76C /* Project object */;
}
